
Microsoft Visual Studio Solution File, Format Version 12.00
# Visual Studio Version 17
VisualStudioVersion = 17.14.36310.24 d17.14
MinimumVisualStudioVersion = 10.0.40219.1
Project("{FAE04EC0-301F-11D3-BF4B-00C04F79EFBC}") = "RenderColoredTriangle", "RenderColoredTriangle\RenderColoredTriangle.csproj", "{CA8B2EED-8577-43A1-9C85-F08C0087E370}"
EndProject
Project("{FAE04EC0-301F-11D3-BF4B-00C04F79EFBC}") = "MoonWorks", "..\lib\MoonWorks\MoonWorks.csproj", "{0B33FCFE-A4E1-4FB1-CF69-226B54465AE8}"
EndProject
Global
	GlobalSection(SolutionConfigurationPlatforms) = preSolution
		Debug|Any CPU = Debug|Any CPU
		Release|Any CPU = Release|Any CPU
	EndGlobalSection
	GlobalSection(ProjectConfigurationPlatforms) = postSolution
		{CA8B2EED-8577-43A1-9C85-F08C0087E370}.Debug|Any CPU.ActiveCfg = Debug|Any CPU
		{CA8B2EED-8577-43A1-9C85-F08C0087E370}.Debug|Any CPU.Build.0 = Debug|Any CPU
		{CA8B2EED-8577-43A1-9C85-F08C0087E370}.Release|Any CPU.ActiveCfg = Release|Any CPU
		{CA8B2EED-8577-43A1-9C85-F08C0087E370}.Release|Any CPU.Build.0 = Release|Any CPU
		{0B33FCFE-A4E1-4FB1-CF69-226B54465AE8}.Debug|Any CPU.ActiveCfg = Debug|Any CPU
		{0B33FCFE-A4E1-4FB1-CF69-226B54465AE8}.Debug|Any CPU.Build.0 = Debug|Any CPU
		{0B33FCFE-A4E1-4FB1-CF69-226B54465AE8}.Release|Any CPU.ActiveCfg = Release|Any CPU
		{0B33FCFE-A4E1-4FB1-CF69-226B54465AE8}.Release|Any CPU.Build.0 = Release|Any CPU
	EndGlobalSection
	GlobalSection(SolutionProperties) = preSolution
		HideSolutionNode = FALSE
	EndGlobalSection
	GlobalSection(ExtensibilityGlobals) = postSolution
		SolutionGuid = {272A8C7C-6667-4A61-83DC-C57788984E5B}
	EndGlobalSection
EndGlobal
